
Microsoft Visual Studio Solution File, Format Version 12.00
Project("{FAE04EC0-301F-11D3-BF4B-00C04F79EFBC}") = "UidGenerator", "UidGenerator\UidGenerator.csproj", "{C1411C48-F191-4CCF-81BA-F3876F275849}"
EndProject
Project("{FAE04EC0-301F-11D3-BF4B-00C04F79EFBC}") = "DAWG", "DAWG\DAWG.csproj", "{7AD52C37-4874-467B-A181-7C7621E5AAD5}"
EndProject
Global
	GlobalSection(SolutionConfigurationPlatforms) = preSolution
		Debug|Any CPU = Debug|Any CPU
		Release|Any CPU = Release|Any CPU
	EndGlobalSection
	GlobalSection(ProjectConfigurationPlatforms) = postSolution
		{C1411C48-F191-4CCF-81BA-F3876F275849}.Debug|Any CPU.ActiveCfg = Debug|Any CPU
		{C1411C48-F191-4CCF-81BA-F3876F275849}.Debug|Any CPU.Build.0 = Debug|Any CPU
		{C1411C48-F191-4CCF-81BA-F3876F275849}.Release|Any CPU.ActiveCfg = Release|Any CPU
		{C1411C48-F191-4CCF-81BA-F3876F275849}.Release|Any CPU.Build.0 = Release|Any CPU
		{7AD52C37-4874-467B-A181-7C7621E5AAD5}.Debug|Any CPU.ActiveCfg = Debug|Any CPU
		{7AD52C37-4874-467B-A181-7C7621E5AAD5}.Debug|Any CPU.Build.0 = Debug|Any CPU
		{7AD52C37-4874-467B-A181-7C7621E5AAD5}.Release|Any CPU.ActiveCfg = Release|Any CPU
		{7AD52C37-4874-467B-A181-7C7621E5AAD5}.Release|Any CPU.Build.0 = Release|Any CPU
	EndGlobalSection
EndGlobal
